
Microsoft Visual Studio Solution File, Format Version 12.00
# Visual Studio Version 17
VisualStudioVersion = 17.8.34408.163
MinimumVisualStudioVersion = 10.0.40219.1
Project("{FAE04EC0-301F-11D3-BF4B-00C04F79EFBC}") = "eTickets", "eTickets\eTickets.csproj", "{665A01B7-2DD5-4C21-ACCC-67EA624767B0}"
EndProject
Global
	GlobalSection(SolutionConfigurationPlatforms) = preSolution
		Debug|Any CPU = Debug|Any CPU
		Release|Any CPU = Release|Any CPU
	EndGlobalSection
	GlobalSection(ProjectConfigurationPlatforms) = postSolution
		{665A01B7-2DD5-4C21-ACCC-67EA624767B0}.Debug|Any CPU.ActiveCfg = Debug|Any CPU
		{665A01B7-2DD5-4C21-ACCC-67EA624767B0}.Debug|Any CPU.Build.0 = Debug|Any CPU
		{665A01B7-2DD5-4C21-ACCC-67EA624767B0}.Release|Any CPU.ActiveCfg = Release|Any CPU
		{665A01B7-2DD5-4C21-ACCC-67EA624767B0}.Release|Any CPU.Build.0 = Release|Any CPU
	EndGlobalSection
	GlobalSection(SolutionProperties) = preSolution
		HideSolutionNode = FALSE
	EndGlobalSection
	GlobalSection(ExtensibilityGlobals) = postSolution
		SolutionGuid = {CB3AD0D0-D09D-473E-8A4F-61BE8AF12634}
	EndGlobalSection
EndGlobal
